github.com/Strum355/go-difflib v1.1.0/go.mod h1:r1cVg1JkGsTWkaR7At56v7hfuMgiUL8meTLwxFzOmvE=
github.com/davecgh/go-spew v1.1.0/go.mod h1:J7Y8YcW2NihsgmVo/mv3lAwl/skON4iLHjSsI+c5H38=
github.com/davecgh/go-spew v1.1.1/go.mod h1:J7Y8YcW2NihsgmVo/mv3lAwl/skON4iLHjSsI+c5H38=
github.com/go-chi/chi v4.0.2+incompatible/go.mod h1:eB3wogJHnLi3x/kFX2A+IbTBlXxmMeXJVKy9tTv1XzQ=
github.com/monoculum/formam v0.0.0-20190730134247-0612307a4099/go.mod h1:JKa2av1XVkGjhxdLS59nDoXa2JpmIHpnURWNbzCtXtc=
github.com/pkg/errors v0.8.0/go.mod h1:bwawxfHBFNV+L2hUp1rHADufV3IMtnDRdf1r5NINEl0=
github.com/pkg/errors v0.8.1/go.mod h1:bwawxfHBFNV+L2hUp1rHADufV3IMtnDRdf1r5NINEl0=
github.com/pmezard/go-difflib v1.0.0/go.mod h1:iKH77koFhYxTK1pcRnkKkqfTogsbg7gZNVY4sRDYZ/4=
github.com/teamwork/guru v0.0.0-20180416195845-617a8909cb7f/go.mod h1:1DW23kFX0aXn1kRSuQAY+Byk74h1kZHvhJL72qBUrfU=
github.com/teamwork/test v0.0.0-20190410143529-8897d82f8d46/go.mod h1:TIbx7tx6WHBjQeLRM4eWQZBL7kmBZ7/KI4x4v7Y5YmA=
github.com/teamwork/utils v0.0.0-20190114034940-d6a1f27ce92c/go.mod h1:rmPaJUVv426LGg3QR31m1N0bfpCdCVyh3dCWsJTQeDA=
github.com/teamwork/utils v0.0.0-20190802180115-518a4b2aa845/go.mod h1:jG4RMFyBmHspPqegj1xdhywa36IzO9HjvQXUv1mcbtM=
golang.org/x/crypto v0.0.0-20190308221718-c2843e01d9a2/go.mod h1:djNgcEr1/C05ACkg1iLfiJU5Ep61QUkGW8qpdssI0+w=
golang.org/x/net v0.0.0-20190724013045-ca1201d0de80/go.mod h1:z5CRVTTTmAJ677TzLLGU+0bjPO0LkuOLi4/5GtJWs/s=
golang.org/x/sys v0.0.0-20190215142949-d0b11bdaac8a/go.mod h1:STP8DvDyc/dI5b8T5hshtkjS+E42TnysNCUPdjciGhY=
golang.org/x/text v0.3.0/go.mod h1:NqM8EUOU14njkJ3fqMW+pc6Ldnwhi/IjpwHt7yyuwOQ=
zgo.at/zhttp v0.0.0-20190827140750-7e240747ece5/go.mod h1:uxPLk+wF+Bmd7ox4l8f73AdG2O4pzCiZtJD2D15X/G0=
zgo.at/zlog v0.0.0-20190729101808-11a778095e52/go.mod h1:/+tHzt+nRogoJkSjzSgmd9OeDFlTbjKnQUuEkald8pw=
