github.com/fatih/camelcase v1.0.0 h1:hxNvNX/xYBp0ovncs8WyWZrOrpBNub/JfaMvbURyft8=
github.com/fatih/camelcase v1.0.0/go.mod h1:yN2Sb0lFhZJUdVvtELVWefmrXpuZESvPmqwoZc+/fpc=
github.com/fatih/gomodifytags v0.0.0-20180826164257-7987f52a7108 h1:CIkmEYX6OO/UB9pBSdFvVlhkpT0pXjqXYo9lMmGVaLI=
github.com/fatih/gomodifytags v0.0.0-20180826164257-7987f52a7108/go.mod h1:p2/x7bnOQsbq/deXsDIlj2yLiKFGPkD2nuoYqwn8R4Y=
github.com/fatih/gomodifytags v0.0.0-20180914191908-141225bf62b6 h1:iXJdM8Uob6EPOG/PFr5q0J124ysiZdJfACHqICBb3b8=
github.com/fatih/gomodifytags v0.0.0-20180914191908-141225bf62b6/go.mod h1:p2/x7bnOQsbq/deXsDIlj2yLiKFGPkD2nuoYqwn8R4Y=
github.com/fatih/motion v0.0.0-20180408211639-218875ebe238 h1:Qo4RxRMFag+fvDqQ6A3MblYBormptQUZ1ssOtV+EeQ8=
github.com/fatih/motion v0.0.0-20180408211639-218875ebe238/go.mod h1:pseIrV+t9A4+po+KJ1LheSnYH8m1qs6WhKx2zFiGi9I=
github.com/fatih/structtag v1.0.0 h1:pTHj65+u3RKWYPSGaU290FpI/dXxTaHdVwVwbcPKmEc=
github.com/fatih/structtag v1.0.0/go.mod h1:IKitwq45uXL/yqi5mYghiD3w9H6eTOvI9vnk8tXMphA=
github.com/mdempsky/gocode v0.0.0-20180727200127-00e7f5ac290a h1:ecO2aKe95WVgaFwU2NH0OefPUnwrGcsC4+hfokbKESM=
github.com/mdempsky/gocode v0.0.0-20180727200127-00e7f5ac290a/go.mod h1:hltEC42XzfMNgg0S1v6JTywwra2Mu6F6cLR03debVQ8=
github.com/mdempsky/gocode v0.0.0-20181105154058-0af7a86943a6 h1:e6zQrUZEOGm5PlvVszfIyag0Bi+DCsA/BOhC70oyur8=
github.com/mdempsky/gocode v0.0.0-20181105154058-0af7a86943a6/go.mod h1:hltEC42XzfMNgg0S1v6JTywwra2Mu6F6cLR03debVQ8=
github.com/zmb3/gogetdoc v0.0.0-20180522031303-10095872a7c5 h1:+KZrWK00kQe9GE16QoWtyuDf6ZF1vXZ43Q/dhRaWpsQ=
github.com/zmb3/gogetdoc v0.0.0-20180522031303-10095872a7c5/go.mod h1:ypSS7d5A7vLlcgpQpCK+OHYJ2X3jZSKrEOmspZcOSHI=
github.com/zmb3/gogetdoc v0.0.0-20181026013253-9098cf5fc236 h1:Reprv4hdOBPI3uPhExpzO66xip2wkB8x4ZlFdkxzjoI=
github.com/zmb3/gogetdoc v0.0.0-20181026013253-9098cf5fc236/go.mod h1:dQSkTsdB4CKWfd4Lc322xXPj35Oh545yhenyCPVUBSE=
golang.org/x/tools v0.0.0-20180824175216-6c1c5e93cdc1/go.mod h1:n7NCudcB/nEzxVGmLbDWY5pfWTLqBcC2KZ6jyYvM4mQ=
golang.org/x/tools v0.0.0-20180831211245-7ca132754999 h1:mf2VYfMpSMTlp0I/UXrX13w5LejDx34QeUUHH4TrUA8=
golang.org/x/tools v0.0.0-20180831211245-7ca132754999/go.mod h1:n7NCudcB/nEzxVGmLbDWY5pfWTLqBcC2KZ6jyYvM4mQ=
golang.org/x/tools v0.0.0-20181019005945-6adeb8aab2de/go.mod h1:n7NCudcB/nEzxVGmLbDWY5pfWTLqBcC2KZ6jyYvM4mQ=
golang.org/x/tools v0.0.0-20181105230042-78dc5bac0cac h1:0Nb35Izc6T6Yz1iGmRc4cg14cxRaFjbjD4hWFI6JNJ8=
golang.org/x/tools v0.0.0-20181105230042-78dc5bac0cac/go.mod h1:n7NCudcB/nEzxVGmLbDWY5pfWTLqBcC2KZ6jyYvM4mQ=
